lockfileVersion: '9.0'

settings:
  autoInstallPeers: true
  excludeLinksFromLockfile: false

importers:

  .: {}

  examples/editor-kit-demo:
    dependencies:
      editor-kit:
        specifier: workspace:*
        version: link:../../packages/editor-kit
      react:
        specifier: ^19.0.0
        version: 19.0.0
      react-dom:
        specifier: ^19.0.0
        version: 19.0.0(react@19.0.0)
    devDependencies:
      '@biomejs/biome':
        specifier: ^1.9.4
        version: 1.9.4
      '@rsbuild/core':
        specifier: ^1.2.14
        version: 1.2.16
      '@rsbuild/plugin-react':
        specifier: ^1.1.1
        version: 1.1.1(@rsbuild/core@1.2.16)

  packages/editor-kit:
    dependencies:
      '@tiptap/extension-color':
        specifier: ^2.11.5
        version: 2.11.5(@tiptap/core@2.11.5(@tiptap/pm@2.11.5))(@tiptap/extension-text-style@2.11.5(@tiptap/core@2.11.5(@tiptap/pm@2.11.5)))
      '@tiptap/extension-list-item':
        specifier: ^2.11.5
        version: 2.11.5(@tiptap/core@2.11.5(@tiptap/pm@2.11.5))
      '@tiptap/extension-text-style':
        specifier: ^2.11.5
        version: 2.11.5(@tiptap/core@2.11.5(@tiptap/pm@2.11.5))
      '@tiptap/react':
        specifier: ^2.11.5
        version: 2.11.5(@tiptap/core@2.11.5(@tiptap/pm@2.11.5))(@tiptap/pm@2.11.5)(react-dom@19.0.0(react@19.0.0))(react@19.0.0)
      '@tiptap/starter-kit':
        specifier: ^2.11.5
        version: 2.11.5
      react-dom:
        specifier: '>=16.9.0'
        version: 19.0.0(react@19.0.0)
    devDependencies:
      '@biomejs/biome':
        specifier: ^1.9.4
        version: 1.9.4
      '@rsbuild/plugin-react':
        specifier: ^1.1.1
        version: 1.1.1(@rsbuild/core@1.2.16)
      '@rslib/core':
        specifier: ^0.5.3
        version: 0.5.3(typescript@5.8.2)
      '@types/react':
        specifier: ^19.0.10
        version: 19.0.10
      react:
        specifier: ^19.0.0
        version: 19.0.0
      typescript:
        specifier: ^5.8.2
        version: 5.8.2

packages:

  '@ast-grep/napi-darwin-arm64@0.35.0':
    resolution: {integrity: sha512-T+MN4Oinc+sXjXCIHzfxDDWY7r2pKgPxM6zVeVlkMTrJV2mJtyKYBIS+CABhRM6kflps2T2I6l4DGaKV/8Ym9w==}
    engines: {node: '>= 10'}
    cpu: [arm64]
    os: [darwin]

  '@ast-grep/napi-darwin-x64@0.35.0':
    resolution: {integrity: sha512-pEYiN6JI1HY2uWhMYJ9+3yIMyVYKuYdFzeD+dL7odA3qzK0o9N9AM3/NOt4ynU2EhufaWCJr0P5NoQ636qN6MQ==}
    engines: {node: '>= 10'}
    cpu: [x64]
    os: [darwin]

  '@ast-grep/napi-linux-arm64-gnu@0.35.0':
    resolution: {integrity: sha512-NBuzQngABGKz7lhG08IQb+7nPqUx81Ol37xmS3ZhVSdSgM0mtp93rCbgFTkJcAFE8IMfCHQSg7G4g0Iotz4ABQ==}
    engines: {node: '>= 10'}
    cpu: [arm64]
    os: [linux]
    libc: [glibc]

  '@ast-grep/napi-linux-arm64-musl@0.35.0':
    resolution: {integrity: sha512-1EcvHPwyWpCL/96LuItBYGfeI5FaMTRvL+dHbO/hL5q1npqbb5qn+ppJwtNOjTPz8tayvgggxVk9T4C2O7taYA==}
    engines: {node: '>= 10'}
    cpu: [arm64]
    os: [linux]
    libc: [musl]

  '@ast-grep/napi-linux-x64-gnu@0.35.0':
    resolution: {integrity: sha512-FDzNdlqmQnsiWXhnLxusw5AOfEcEM+5xtmrnAf3SBRFr86JyWD9qsynnFYC2pnP9hlMfifNH2TTmMpyGJW49Xw==}
    engines: {node: '>= 10'}
    cpu: [x64]
    os: [linux]
    libc: [glibc]

  '@ast-grep/napi-linux-x64-musl@0.35.0':
    resolution: {integrity: sha512-wlmndjfBafT8u5p4DBnoRQyoCSGNuVSz7rT3TqhvlHcPzUouRWMn95epU9B1LNLyjXvr9xHeRjSktyCN28w57Q==}
    engines: {node: '>= 10'}
    cpu: [x64]
    os: [linux]
    libc: [musl]

  '@ast-grep/napi-win32-arm64-msvc@0.35.0':
    resolution: {integrity: sha512-gkhJeYc4rrZLX2icLxalPikTLMR57DuIYLwLr9g+StHYXIsGHrbfrE6Nnbdd8Izfs34ArFCrcwdaMrGlvOPSeg==}
    engines: {node: '>= 10'}
    cpu: [arm64]
    os: [win32]

  '@ast-grep/napi-win32-ia32-msvc@0.35.0':
    resolution: {integrity: sha512-OdUuRa3chHCZ65y+qALfkUjz0W0Eg21YZ9TyPquV5why07M6HAK38mmYGzLxFH6294SvRQhs+FA/rAfbKeH0jA==}
    engines: {node: '>= 10'}
    cpu: [ia32]
    os: [win32]

  '@ast-grep/napi-win32-x64-msvc@0.35.0':
    resolution: {integrity: sha512-pcQRUHqbroTN1oQ56V982a7IZTUUySQYWa2KEyksiifHGuBuitlzcyzFGjT96ThcqD9XW0UVJMvpoF2Qjh006Q==}
    engines: {node: '>= 10'}
    cpu: [x64]
    os: [win32]

  '@ast-grep/napi@0.35.0':
    resolution: {integrity: sha512-3ucaaSxV6fxXoqHrE/rxAvP1THnDdY5jNzGlnvx+JvnY9C/dSRKc0jlRMRz59N3El572+/yNRUUpAV1T9aBJug==}
    engines: {node: '>= 10'}

  '@biomejs/biome@1.9.4':
    resolution: {integrity: sha512-1rkd7G70+o9KkTn5KLmDYXihGoTaIGO9PIIN2ZB7UJxFrWw04CZHPYiMRjYsaDvVV7hP1dYNRLxSANLaBFGpog==}
    engines: {node: '>=14.21.3'}
    hasBin: true

  '@biomejs/cli-darwin-arm64@1.9.4':
    resolution: {integrity: sha512-bFBsPWrNvkdKrNCYeAp+xo2HecOGPAy9WyNyB/jKnnedgzl4W4Hb9ZMzYNbf8dMCGmUdSavlYHiR01QaYR58cw==}
    engines: {node: '>=14.21.3'}
    cpu: [arm64]
    os: [darwin]

  '@biomejs/cli-darwin-x64@1.9.4':
    resolution: {integrity: sha512-ngYBh/+bEedqkSevPVhLP4QfVPCpb+4BBe2p7Xs32dBgs7rh9nY2AIYUL6BgLw1JVXV8GlpKmb/hNiuIxfPfZg==}
    engines: {node: '>=14.21.3'}
    cpu: [x64]
    os: [darwin]

  '@biomejs/cli-linux-arm64-musl@1.9.4':
    resolution: {integrity: sha512-v665Ct9WCRjGa8+kTr0CzApU0+XXtRgwmzIf1SeKSGAv+2scAlW6JR5PMFo6FzqqZ64Po79cKODKf3/AAmECqA==}
    engines: {node: '>=14.21.3'}
    cpu: [arm64]
    os: [linux]
    libc: [musl]

  '@biomejs/cli-linux-arm64@1.9.4':
    resolution: {integrity: sha512-fJIW0+LYujdjUgJJuwesP4EjIBl/N/TcOX3IvIHJQNsAqvV2CHIogsmA94BPG6jZATS4Hi+xv4SkBBQSt1N4/g==}
    engines: {node: '>=14.21.3'}
    cpu: [arm64]
    os: [linux]
    libc: [glibc]

  '@biomejs/cli-linux-x64-musl@1.9.4':
    resolution: {integrity: sha512-gEhi/jSBhZ2m6wjV530Yy8+fNqG8PAinM3oV7CyO+6c3CEh16Eizm21uHVsyVBEB6RIM8JHIl6AGYCv6Q6Q9Tg==}
    engines: {node: '>=14.21.3'}
    cpu: [x64]
    os: [linux]
    libc: [musl]

  '@biomejs/cli-linux-x64@1.9.4':
    resolution: {integrity: sha512-lRCJv/Vi3Vlwmbd6K+oQ0KhLHMAysN8lXoCI7XeHlxaajk06u7G+UsFSO01NAs5iYuWKmVZjmiOzJ0OJmGsMwg==}
    engines: {node: '>=14.21.3'}
    cpu: [x64]
    os: [linux]
    libc: [glibc]

  '@biomejs/cli-win32-arm64@1.9.4':
    resolution: {integrity: sha512-tlbhLk+WXZmgwoIKwHIHEBZUwxml7bRJgk0X2sPyNR3S93cdRq6XulAZRQJ17FYGGzWne0fgrXBKpl7l4M87Hg==}
    engines: {node: '>=14.21.3'}
    cpu: [arm64]
    os: [win32]

  '@biomejs/cli-win32-x64@1.9.4':
    resolution: {integrity: sha512-8Y5wMhVIPaWe6jw2H+KlEm4wP/f7EW3810ZLmDlrEEy5KvBsb9ECEfu/kMWD484ijfQ8+nIi0giMgu9g1UAuuA==}
    engines: {node: '>=14.21.3'}
    cpu: [x64]
    os: [win32]

  '@jridgewell/sourcemap-codec@1.5.0':
    resolution: {integrity: sha512-gv3ZRaISU3fjPAgNsriBRqGWQL6quFx04YMPW/zD8XMLsU32mhCCbfbO6KZFLjvYpCZ8zyDEgqsgf+PwPaM7GQ==}

  '@module-federation/error-codes@0.8.4':
    resolution: {integrity: sha512-55LYmrDdKb4jt+qr8qE8U3al62ZANp3FhfVaNPOaAmdTh0jHdD8M3yf5HKFlr5xVkVO4eV/F/J2NCfpbh+pEXQ==}

  '@module-federation/runtime-tools@0.8.4':
    resolution: {integrity: sha512-fjVOsItJ1u5YY6E9FnS56UDwZgqEQUrWFnouRiPtK123LUuqUI9FH4redZoKWlE1PB0ir1Z3tnqy8eFYzPO38Q==}

  '@module-federation/runtime@0.8.4':
    resolution: {integrity: sha512-yZeZ7z2Rx4gv/0E97oLTF3V6N25vglmwXGgoeju/W2YjsFvWzVtCDI7zRRb0mJhU6+jmSM8jP1DeQGbea/AiZQ==}

  '@module-federation/sdk@0.8.4':
    resolution: {integrity: sha512-waABomIjg/5m1rPDBWYG4KUhS5r7OUUY7S+avpaVIY/tkPWB3ibRDKy2dNLLAMaLKq0u+B1qIdEp4NIWkqhqpg==}

  '@module-federation/webpack-bundler-runtime@0.8.4':
    resolution: {integrity: sha512-HggROJhvHPUX7uqBD/XlajGygMNM1DG0+4OAkk8MBQe4a18QzrRNzZt6XQbRTSG4OaEoyRWhQHvYD3Yps405tQ==}

  '@popperjs/core@2.11.8':
    resolution: {integrity: sha512-P1st0aksCrn9sGZhp8GMYwBnQsbvAWsZAX44oXNNvLHGqAOcoVxmjZiohstwQ7SqKnbR47akdNi+uleWD8+g6A==}

  '@remirror/core-constants@3.0.0':
    resolution: {integrity: sha512-42aWfPrimMfDKDi4YegyS7x+/0tlzaqwPQCULLanv3DMIlu96KTJR0fM5isWX2UViOqlGnX6YFgqWepcX+XMNg==}

  '@rsbuild/core@1.2.16':
    resolution: {integrity: sha512-LxiZUTKhg3ZHFIeZkDmrOG8pWn/lny4vx0AqtSxovWPDnFHgYeuL45rAGDfkrx4TuGwwDN3qJgbetPRSYA8cWw==}
    engines: {node: '>=16.7.0'}
    hasBin: true

  '@rsbuild/plugin-react@1.1.1':
    resolution: {integrity: sha512-gkATKrOQauXMMtrYA5jbTQkhmYTE0VXoknPLtVpiXtwDbBUwgX23LFf1XJ51YOwqYpP7g5SfPEMgD2FENtCq0A==}
    peerDependencies:
      '@rsbuild/core': 1.x

  '@rslib/core@0.5.3':
    resolution: {integrity: sha512-HlFGd4PZ4kJDrGZ4VBPIglGPjsTI+LuVWTaFg/hrmElnmXpw3iq0Oln5Esv24L3VBofyvZGPMlu1fZTiqTPzcw==}
    engines: {node: '>=16.7.0'}
    hasBin: true
    peerDependencies:
      '@microsoft/api-extractor': ^7
      typescript: ^5
    peerDependenciesMeta:
      '@microsoft/api-extractor':
        optional: true
      typescript:
        optional: true

  '@rspack/binding-darwin-arm64@1.2.7':
    resolution: {integrity: sha512-dT5eSMTknZaI8Djmz8KnaWM68rjZuBZwsKyF144o+ZSJM55vgiNXyL0lQYB8mX9nR3Gck+jKuGUAT2W/EF/t5Q==}
    cpu: [arm64]
    os: [darwin]

  '@rspack/binding-darwin-x64@1.2.7':
    resolution: {integrity: sha512-5n8IhKBxH71d4BUIvyzTwSOAOKNneLPJwLIphSPNIbCMGjLI59/EVpxSQ/AAUfyMkqOs635NNCn0eGQVuzpI/w==}
    cpu: [x64]
    os: [darwin]

  '@rspack/binding-linux-arm64-gnu@1.2.7':
    resolution: {integrity: sha512-DTtFBJmgQQrVWjbklpgJDr3kE9Uf1fHsPh+1GVslsBuyn+o4O7JslrnjuVsQCYKoiEg0Lg4ZPQmwnhJLHssZ5A==}
    cpu: [arm64]
    os: [linux]
    libc: [glibc]

  '@rspack/binding-linux-arm64-musl@1.2.7':
    resolution: {integrity: sha512-01/OoQQF9eyDvRKkxj4DzCznfGZIvnzI8qOsrv+M7VBm8FLoKpb3hygXixaGQOXmNL42XTh61qjgm++fBu6aUA==}
    cpu: [arm64]
    os: [linux]
    libc: [musl]

  '@rspack/binding-linux-x64-gnu@1.2.7':
    resolution: {integrity: sha512-lUOAUq0YSsofCXsP6XnlgfH0ZRDZ2X2XqXLXYjqf4xkSxCl5eBmE0EQYjAHF4zjUvU5rVx4a4bDLWv7+t3bOHg==}
    cpu: [x64]
    os: [linux]
    libc: [glibc]

  '@rspack/binding-linux-x64-musl@1.2.7':
    resolution: {integrity: sha512-ZrPXfgT30p4DlydYavaTHiluxHkWvZHt7K4q7qNyTfYYowG6jRGwWi/PATdugNICGv027Wsh5nzEO4o27Iuhwg==}
    cpu: [x64]
    os: [linux]
    libc: [musl]

  '@rspack/binding-win32-arm64-msvc@1.2.7':
    resolution: {integrity: sha512-1OzzM+OUSWX39XYcDfxJ8bGX5vNNrRejCMGotBEdP+uQ3KMWCPz0G4KRc3QIjghaLIYk3ofd83hcfUxyk/2Xog==}
    cpu: [arm64]
    os: [win32]

  '@rspack/binding-win32-ia32-msvc@1.2.7':
    resolution: {integrity: sha512-VWlDCV9kDtijk9GK6ZtBQmYoVzKGpnrJB0iI3d2gIEa/2NwikJ89bLMFE4dFx8UNH3p/sSyb5pmPOQnbudFK7Q==}
    cpu: [ia32]
    os: [win32]

  '@rspack/binding-win32-x64-msvc@1.2.7':
    resolution: {integrity: sha512-l/sTdeMsQF1a1aB79cWykDNRZG6nkUA0biJo2/sEARP3ijdr8TuwUdirp2JRDmZfQJkoJnQ2un9y9qyW+TIZzA==}
    cpu: [x64]
    os: [win32]

  '@rspack/binding@1.2.7':
    resolution: {integrity: sha512-QH+kxkG0I9C6lmlwgBUDFsy24ihXMGG5lfiNtQilk4CyBN+AgSWFENcYrnkUaBioZAvMBznQLiccV3X0JeH9iQ==}

  '@rspack/core@1.2.7':
    resolution: {integrity: sha512-Vg7ySflnqI1nNOBPd6VJkQozWADssxn3einbxa9OqDVAB+dGSj8qihTs6rlaTSewidoaYTGIAiTMHO2y+61qqQ==}
    engines: {node: '>=16.0.0'}
    peerDependencies:
      '@rspack/tracing': ^1.x
      '@swc/helpers': '>=0.5.1'
    peerDependenciesMeta:
      '@rspack/tracing':
        optional: true
      '@swc/helpers':
        optional: true

  '@rspack/lite-tapable@1.0.1':
    resolution: {integrity: sha512-VynGOEsVw2s8TAlLf/uESfrgfrq2+rcXB1muPJYBWbsm1Oa6r5qVQhjA5ggM6z/coYPrsVMgovl3Ff7Q7OCp1w==}
    engines: {node: '>=16.0.0'}

  '@rspack/plugin-react-refresh@1.0.1':
    resolution: {integrity: sha512-KSBc3bsr3mrAPViv7w9MpE9KEWm6q87EyRXyHlRfJ9PpQ56NbX9KZ7AXo7jPeECb0q5sfpM2PSEf+syBiMgLSw==}
    peerDependencies:
      react-refresh: '>=0.10.0 <1.0.0'
    peerDependenciesMeta:
      react-refresh:
        optional: true

  '@swc/helpers@0.5.15':
    resolution: {integrity: sha512-JQ5TuMi45Owi4/BIMAJBoSQoOJu12oOk/gADqlcUL9JEdHB8vyjUSsxqeNXnmXHjYKMi2WcYtezGEEhqUI/E2g==}

  '@tiptap/core@2.11.5':
    resolution: {integrity: sha512-jb0KTdUJaJY53JaN7ooY3XAxHQNoMYti/H6ANo707PsLXVeEqJ9o8+eBup1JU5CuwzrgnDc2dECt2WIGX9f8Jw==}
    peerDependencies:
      '@tiptap/pm': ^2.7.0

  '@tiptap/extension-blockquote@2.11.5':
    resolution: {integrity: sha512-MZfcRIzKRD8/J1hkt/eYv49060GTL6qGR3NY/oTDuw2wYzbQXXLEbjk8hxAtjwNn7G+pWQv3L+PKFzZDxibLuA==}
    peerDependencies:
      '@tiptap/core': ^2.7.0

  '@tiptap/extension-bold@2.11.5':
    resolution: {integrity: sha512-OAq03MHEbl7MtYCUzGuwb0VpOPnM0k5ekMbEaRILFU5ZC7cEAQ36XmPIw1dQayrcuE8GZL35BKub2qtRxyC9iA==}
    peerDependencies:
      '@tiptap/core': ^2.7.0

  '@tiptap/extension-bubble-menu@2.11.5':
    resolution: {integrity: sha512-rx+rMd7EEdht5EHLWldpkzJ56SWYA9799b33ustePqhXd6linnokJCzBqY13AfZ9+xp3RsR6C0ZHI9GGea0tIA==}
    peerDependencies:
      '@tiptap/core': ^2.7.0
      '@tiptap/pm': ^2.7.0

  '@tiptap/extension-bullet-list@2.11.5':
    resolution: {integrity: sha512-VXwHlX6A/T6FAspnyjbKDO0TQ+oetXuat6RY1/JxbXphH42nLuBaGWJ6pgy6xMl6XY8/9oPkTNrfJw/8/eeRwA==}
    peerDependencies:
      '@tiptap/core': ^2.7.0

  '@tiptap/extension-code-block@2.11.5':
    resolution: {integrity: sha512-ksxMMvqLDlC+ftcQLynqZMdlJT1iHYZorXsXw/n+wuRd7YElkRkd6YWUX/Pq/njFY6lDjKiqFLEXBJB8nrzzBA==}
    peerDependencies:
      '@tiptap/core': ^2.7.0
      '@tiptap/pm': ^2.7.0

  '@tiptap/extension-code@2.11.5':
    resolution: {integrity: sha512-xOvHevNIQIcCCVn9tpvXa1wBp0wHN/2umbAZGTVzS+AQtM7BTo0tz8IyzwxkcZJaImONcUVYLOLzt2AgW1LltA==}
    peerDependencies:
      '@tiptap/core': ^2.7.0

  '@tiptap/extension-color@2.11.5':
    resolution: {integrity: sha512-9gZF6EIpfOJYUt1TtFY37e8iqwKcOmBl8CkFaxq+4mWVvYd2D7KbA0r4tYTxSO0fOBJ5fA/1qJrpvgRlyocp/A==}
    peerDependencies:
      '@tiptap/core': ^2.7.0
      '@tiptap/extension-text-style': ^2.7.0

  '@tiptap/extension-document@2.11.5':
    resolution: {integrity: sha512-7I4BRTpIux2a0O2qS3BDmyZ5LGp3pszKbix32CmeVh7lN9dV7W5reDqtJJ9FCZEEF+pZ6e1/DQA362dflwZw2g==}
    peerDependencies:
      '@tiptap/core': ^2.7.0

  '@tiptap/extension-dropcursor@2.11.5':
    resolution: {integrity: sha512-uIN7L3FU0904ec7FFFbndO7RQE/yiON4VzAMhNn587LFMyWO8US139HXIL4O8dpZeYwYL3d1FnDTflZl6CwLlg==}
    peerDependencies:
      '@tiptap/core': ^2.7.0
      '@tiptap/pm': ^2.7.0

  '@tiptap/extension-floating-menu@2.11.5':
    resolution: {integrity: sha512-HsMI0hV5Lwzm530Z5tBeyNCBNG38eJ3qjfdV2OHlfSf3+KOEfn6a5AUdoNaZO02LF79/8+7BaYU2drafag9cxQ==}
    peerDependencies:
      '@tiptap/core': ^2.7.0
      '@tiptap/pm': ^2.7.0

  '@tiptap/extension-gapcursor@2.11.5':
    resolution: {integrity: sha512-kcWa+Xq9cb6lBdiICvLReuDtz/rLjFKHWpW3jTTF3FiP3wx4H8Rs6bzVtty7uOVTfwupxZRiKICAMEU6iT0xrQ==}
    peerDependencies:
      '@tiptap/core': ^2.7.0
      '@tiptap/pm': ^2.7.0

  '@tiptap/extension-hard-break@2.11.5':
    resolution: {integrity: sha512-q9doeN+Yg9F5QNTG8pZGYfNye3tmntOwch683v0CCVCI4ldKaLZ0jG3NbBTq+mosHYdgOH2rNbIORlRRsQ+iYQ==}
    peerDependencies:
      '@tiptap/core': ^2.7.0

  '@tiptap/extension-heading@2.11.5':
    resolution: {integrity: sha512-x/MV53psJ9baRcZ4k4WjnCUBMt8zCX7mPlKVT+9C/o+DEs/j/qxPLs95nHeQv70chZpSwCQCt93xMmuF0kPoAg==}
    peerDependencies:
      '@tiptap/core': ^2.7.0

  '@tiptap/extension-history@2.11.5':
    resolution: {integrity: sha512-b+wOS33Dz1azw6F1i9LFTEIJ/gUui0Jwz5ZvmVDpL2ZHBhq1Ui0/spTT+tuZOXq7Y/uCbKL8Liu4WoedIvhboQ==}
    peerDependencies:
      '@tiptap/core': ^2.7.0
      '@tiptap/pm': ^2.7.0

  '@tiptap/extension-horizontal-rule@2.11.5':
    resolution: {integrity: sha512-3up2r1Du8/5/4ZYzTC0DjTwhgPI3dn8jhOCLu73m5F3OGvK/9whcXoeWoX103hYMnGDxBlfOje71yQuN35FL4A==}
    peerDependencies:
      '@tiptap/core': ^2.7.0
      '@tiptap/pm': ^2.7.0

  '@tiptap/extension-italic@2.11.5':
    resolution: {integrity: sha512-9VGfb2/LfPhQ6TjzDwuYLRvw0A6VGbaIp3F+5Mql8XVdTBHb2+rhELbyhNGiGVR78CaB/EiKb6dO9xu/tBWSYA==}
    peerDependencies:
      '@tiptap/core': ^2.7.0

  '@tiptap/extension-list-item@2.11.5':
    resolution: {integrity: sha512-Mp5RD/pbkfW1vdc6xMVxXYcta73FOwLmblQlFNn/l/E5/X1DUSA4iGhgDDH4EWO3swbs03x2f7Zka/Xoj3+WLg==}
    peerDependencies:
      '@tiptap/core': ^2.7.0

  '@tiptap/extension-ordered-list@2.11.5':
    resolution: {integrity: sha512-Cu8KwruBNWAaEfshRQR0yOSaUKAeEwxW7UgbvF9cN/zZuKgK5uZosPCPTehIFCcRe+TBpRtZQh+06f/gNYpYYg==}
    peerDependencies:
      '@tiptap/core': ^2.7.0

  '@tiptap/extension-paragraph@2.11.5':
    resolution: {integrity: sha512-YFBWeg7xu/sBnsDIF/+nh9Arf7R0h07VZMd0id5Ydd2Qe3c1uIZwXxeINVtH0SZozuPIQFAT8ICe9M0RxmE+TA==}
    peerDependencies:
      '@tiptap/core': ^2.7.0

  '@tiptap/extension-strike@2.11.5':
    resolution: {integrity: sha512-PVfUiCqrjvsLpbIoVlegSY8RlkR64F1Rr2RYmiybQfGbg+AkSZXDeO0eIrc03//4gua7D9DfIozHmAKv1KN3ow==}
    peerDependencies:
      '@tiptap/core': ^2.7.0

  '@tiptap/extension-text-style@2.11.5':
    resolution: {integrity: sha512-YUmYl0gILSd/u/ZkOmNxjNXVw+mu8fpC2f8G4I4tLODm0zCx09j9DDEJXSrM5XX72nxJQqtSQsCpNKnL0hfeEQ==}
    peerDependencies:
      '@tiptap/core': ^2.7.0

  '@tiptap/extension-text@2.11.5':
    resolution: {integrity: sha512-Gq1WwyhFpCbEDrLPIHt5A8aLSlf8bfz4jm417c8F/JyU0J5dtYdmx0RAxjnLw1i7ZHE7LRyqqAoS0sl7JHDNSQ==}
    peerDependencies:
      '@tiptap/core': ^2.7.0

  '@tiptap/pm@2.11.5':
    resolution: {integrity: sha512-z9JFtqc5ZOsdQLd9vRnXfTCQ8v5ADAfRt9Nm7SqP6FUHII8E1hs38ACzf5xursmth/VonJYb5+73Pqxk1hGIPw==}

  '@tiptap/react@2.11.5':
    resolution: {integrity: sha512-Dp8eHL1G+R/C4+QzAczyb3t1ovexEIZx9ln7SGEM+cT1KHKAw9XGPRgsp92+NQaYI+EdEb/YqoBOSzQcd18/OQ==}
    peerDependencies:
      '@tiptap/core': ^2.7.0
      '@tiptap/pm': ^2.7.0
      react: ^17.0.0 || ^18.0.0 || ^19.0.0
      react-dom: ^17.0.0 || ^18.0.0 || ^19.0.0

  '@tiptap/starter-kit@2.11.5':
    resolution: {integrity: sha512-SLI7Aj2ruU1t//6Mk8f+fqW+18uTqpdfLUJYgwu0CkqBckrkRZYZh6GVLk/02k3H2ki7QkFxiFbZrdbZdng0JA==}

  '@types/linkify-it@5.0.0':
    resolution: {integrity: sha512-sVDA58zAw4eWAffKOaQH5/5j3XeayukzDk+ewSsnv3p4yJEZHCCzMDiZM8e0OUrRvmpGZ85jf4yDHkHsgBNr9Q==}

  '@types/markdown-it@14.1.2':
    resolution: {integrity: sha512-promo4eFwuiW+TfGxhi+0x3czqTYJkG8qB17ZUJiVF10Xm7NLVRSLUsfRTU/6h1e24VvRnXCx+hG7li58lkzog==}

  '@types/mdurl@2.0.0':
    resolution: {integrity: sha512-RGdgjQUZba5p6QEFAVx2OGb8rQDL/cPRG7GiedRzMcJ1tYnUANBncjbSB1NRGwbvjcPeikRABz2nshyPk1bhWg==}

  '@types/react@19.0.10':
    resolution: {integrity: sha512-JuRQ9KXLEjaUNjTWpzuR231Z2WpIwczOkBEIvbHNCzQefFIT0L8IqE6NV6ULLyC1SI/i234JnDoMkfg+RjQj2g==}

  '@types/use-sync-external-store@0.0.6':
    resolution: {integrity: sha512-zFDAD+tlpf2r4asuHEj0XH6pY6i0g5NeAHPn+15wk3BV6JA69eERFXC1gyGThDkVa1zCyKr5jox1+2LbV/AMLg==}

  argparse@2.0.1:
    resolution: {integrity: sha512-8+9WqebbFzpX9OR+Wa6O29asIogeRMzcGtAINdpMHHyAg10f05aSFVBbcEqGf/PXw1EjAZ+q2/bEBg3DvurK3Q==}

  caniuse-lite@1.0.30001702:
    resolution: {integrity: sha512-LoPe/D7zioC0REI5W73PeR1e1MLCipRGq/VkovJnd6Df+QVqT+vT33OXCp8QUd7kA7RZrHWxb1B36OQKI/0gOA==}

  core-js@3.41.0:
    resolution: {integrity: sha512-SJ4/EHwS36QMJd6h/Rg+GyR4A5xE0FSI3eZ+iBVpfqf1x0eTSg1smWLHrA+2jQThZSh97fmSgFSU8B61nxosxA==}

  crelt@1.0.6:
    resolution: {integrity: sha512-VQ2MBenTq1fWZUH9DJNGti7kKv6EeAuYr3cLwxUWhIu1baTaXh4Ib5W2CqHVqib4/MqbYGJqiL3Zb8GJZr3l4g==}

  csstype@3.1.3:
    resolution: {integrity: sha512-M1uQkMl8rQK/szD0LNhtqxIPLpimGm8sOBwU7lLnCpSbTyY3yeU1Vc7l4KT5zT4s/yOxHH5O7tIuuLOCnLADRw==}

  entities@4.5.0:
    resolution: {integrity: sha512-V0hjH4dGPh9Ao5p0MoRY6BVqtwCjhz6vI5LT8AJ55H+4g9/4vbHx1I54fS0XuclLhDHArPQCiMjDxjaL8fPxhw==}
    engines: {node: '>=0.12'}

  error-stack-parser@2.1.4:
    resolution: {integrity: sha512-Sk5V6wVazPhq5MhpO+AUxJn5x7XSXGl1R93Vn7i+zS15KDVxQijejNCrz8340/2bgLBjR9GtEG8ZVKONDjcqGQ==}

  escape-string-regexp@4.0.0:
    resolution: {integrity: sha512-TtpcNJ3XAzx3Gq8sWRzJaVajRs0uVxA2YAkdb1jm2YkPz4G6egUFAyA3n5vtEIZefPk5Wa4UXbKuS5fKkJWdgA==}
    engines: {node: '>=10'}

  fast-deep-equal@3.1.3:
    resolution: {integrity: sha512-f3qQ9oQy9j2AhBe/H9VC91wLmKBCCU/gDOnKNAYG5hswO7BLKj09Hc5HYNz9cGI++xlpDCIgDaitVs03ATR84Q==}

  fdir@6.4.3:
    resolution: {integrity: sha512-PMXmW2y1hDDfTSRc9gaXIuCCRpuoz3Kaz8cUelp3smouvfT632ozg2vrT6lJsHKKOF59YLbOGfAWGUcKEfRMQw==}
    peerDependencies:
      picomatch: ^3 || ^4
    peerDependenciesMeta:
      picomatch:
        optional: true

  html-entities@2.5.2:
    resolution: {integrity: sha512-K//PSRMQk4FZ78Kyau+mZurHn3FH0Vwr+H36eE0rPbeYkRRi9YxceYPhuN60UwWorxyKHhqoAJl2OFKa4BVtaA==}

  isomorphic-rslog@0.0.6:
    resolution: {integrity: sha512-HM0q6XqQ93psDlqvuViNs/Ea3hAyGDkIdVAHlrEocjjAwGrs1fZ+EdQjS9eUPacnYB7Y8SoDdSY3H8p3ce205A==}
    engines: {node: '>=14.17.6'}

  jiti@2.4.2:
    resolution: {integrity: sha512-rg9zJN+G4n2nfJl5MW3BMygZX56zKPNVEYYqq7adpmMh4Jn2QNEwhvQlFy6jPVdcod7txZtKHWnyZiA3a0zP7A==}
    hasBin: true

  json5@2.2.3:
    resolution: {integrity: sha512-XmOWe7eyHYH14cLdVPoyg+GOH3rYX++KpzrylJwSW98t3Nk+U8XOl8FWKOgwtzdb8lXGf6zYwDUzeHMWfxasyg==}
    engines: {node: '>=6'}
    hasBin: true

  linkify-it@5.0.0:
    resolution: {integrity: sha512-5aHCbzQRADcdP+ATqnDuhhJ/MRIqDkZX5pyjFHRRysS8vZ5AbqGEoFIb6pYHPZ+L/OC2Lc+xT8uHVVR5CAK/wQ==}

  magic-string@0.30.17:
    resolution: {integrity: sha512-sNPKHvyjVf7gyjwS4xGTaW/mCnF8wnjtifKBEhxfZ7E/S8tQ0rssrwGNn6q8JH/ohItJfSQp9mBtQYuTlH5QnA==}

  markdown-it@14.1.0:
    resolution: {integrity: sha512-a54IwgWPaeBCAAsv13YgmALOF1elABB08FxO9i+r4VFk5Vl4pKokRPeX8u5TCgSsPi6ec1otfLjdOpVcgbpshg==}
    hasBin: true

  mdurl@2.0.0:
    resolution: {integrity: sha512-Lf+9+2r+Tdp5wXDXC4PcIBjTDtq4UKjCPMQhKIuzpJNW0b96kVqSwW0bT7FhRSfmAiFYgP+SCRvdrDozfh0U5w==}

  minimist@1.2.8:
    resolution: {integrity: sha512-2yyAR8qBkN3YuheJanUpWC5U3bb5osDywNB8RzDVlDwDHbocAJveqqj1u8+SVD7jkWT4yvsHCpWqqWqAxb0zCA==}

  orderedmap@2.1.1:
    resolution: {integrity: sha512-TvAWxi0nDe1j/rtMcWcIj94+Ffe6n7zhow33h40SKxmsmozs6dz/e+EajymfoFcHd7sxNn8yHM8839uixMOV6g==}

  picocolors@1.1.1:
    resolution: {integrity: sha512-xceH2snhtb5M9liqDsmEw56le376mTZkEX/jEb/RxNFyegNul7eNslCXP9FDj/Lcu0X8KEyMceP2ntpaHrDEVA==}

  picomatch@4.0.2:
    resolution: {integrity: sha512-M7BAV6Rlcy5u+m6oPhAPFgJTzAioX/6B0DxyvDlo9l8+T3nLKbrczg2WLUyzd45L8RqfUMyGPzekbMvX2Ldkwg==}
    engines: {node: '>=12'}

  prosemirror-changeset@2.2.1:
    resolution: {integrity: sha512-J7msc6wbxB4ekDFj+n9gTW/jav/p53kdlivvuppHsrZXCaQdVgRghoZbSS3kwrRyAstRVQ4/+u5k7YfLgkkQvQ==}

  prosemirror-collab@1.3.1:
    resolution: {integrity: sha512-4SnynYR9TTYaQVXd/ieUvsVV4PDMBzrq2xPUWutHivDuOshZXqQ5rGbZM84HEaXKbLdItse7weMGOUdDVcLKEQ==}

  prosemirror-commands@1.7.0:
    resolution: {integrity: sha512-6toodS4R/Aah5pdsrIwnTYPEjW70SlO5a66oo5Kk+CIrgJz3ukOoS+FYDGqvQlAX5PxoGWDX1oD++tn5X3pyRA==}

  prosemirror-dropcursor@1.8.1:
    resolution: {integrity: sha512-M30WJdJZLyXHi3N8vxN6Zh5O8ZBbQCz0gURTfPmTIBNQ5pxrdU7A58QkNqfa98YEjSAL1HUyyU34f6Pm5xBSGw==}

  prosemirror-gapcursor@1.3.2:
    resolution: {integrity: sha512-wtjswVBd2vaQRrnYZaBCbyDqr232Ed4p2QPtRIUK5FuqHYKGWkEwl08oQM4Tw7DOR0FsasARV5uJFvMZWxdNxQ==}

  prosemirror-history@1.4.1:
    resolution: {integrity: sha512-2JZD8z2JviJrboD9cPuX/Sv/1ChFng+xh2tChQ2X4bB2HeK+rra/bmJ3xGntCcjhOqIzSDG6Id7e8RJ9QPXLEQ==}

  prosemirror-inputrules@1.4.0:
    resolution: {integrity: sha512-6ygpPRuTJ2lcOXs9JkefieMst63wVJBgHZGl5QOytN7oSZs3Co/BYbc3Yx9zm9H37Bxw8kVzCnDsihsVsL4yEg==}

  prosemirror-keymap@1.2.2:
    resolution: {integrity: sha512-EAlXoksqC6Vbocqc0GtzCruZEzYgrn+iiGnNjsJsH4mrnIGex4qbLdWWNza3AW5W36ZRrlBID0eM6bdKH4OStQ==}

  prosemirror-markdown@1.13.1:
    resolution: {integrity: sha512-Sl+oMfMtAjWtlcZoj/5L/Q39MpEnVZ840Xo330WJWUvgyhNmLBLN7MsHn07s53nG/KImevWHSE6fEj4q/GihHw==}

  prosemirror-menu@1.2.4:
    resolution: {integrity: sha512-S/bXlc0ODQup6aiBbWVsX/eM+xJgCTAfMq/nLqaO5ID/am4wS0tTCIkzwytmao7ypEtjj39i7YbJjAgO20mIqA==}

  prosemirror-model@1.24.1:
    resolution: {integrity: sha512-YM053N+vTThzlWJ/AtPtF1j0ebO36nvbmDy4U7qA2XQB8JVaQp1FmB9Jhrps8s+z+uxhhVTny4m20ptUvhk0Mg==}

  prosemirror-schema-basic@1.2.3:
    resolution: {integrity: sha512-h+H0OQwZVqMon1PNn0AG9cTfx513zgIG2DY00eJ00Yvgb3UD+GQ/VlWW5rcaxacpCGT1Yx8nuhwXk4+QbXUfJA==}

  prosemirror-schema-list@1.5.1:
    resolution: {integrity: sha512-927lFx/uwyQaGwJxLWCZRkjXG0p48KpMj6ueoYiu4JX05GGuGcgzAy62dfiV8eFZftgyBUvLx76RsMe20fJl+Q==}

  prosemirror-state@1.4.3:
    resolution: {integrity: sha512-goFKORVbvPuAQaXhpbemJFRKJ2aixr+AZMGiquiqKxaucC6hlpHNZHWgz5R7dS4roHiwq9vDctE//CZ++o0W1Q==}

  prosemirror-tables@1.6.4:
    resolution: {integrity: sha512-TkDY3Gw52gRFRfRn2f4wJv5WOgAOXLJA2CQJYIJ5+kdFbfj3acR4JUW6LX2e1hiEBiUwvEhzH5a3cZ5YSztpIA==}

  prosemirror-trailing-node@3.0.0:
    resolution: {integrity: sha512-xiun5/3q0w5eRnGYfNlW1uU9W6x5MoFKWwq/0TIRgt09lv7Hcser2QYV8t4muXbEr+Fwo0geYn79Xs4GKywrRQ==}
    peerDependencies:
      prosemirror-model: ^1.22.1
      prosemirror-state: ^1.4.2
      prosemirror-view: ^1.33.8

  prosemirror-transform@1.10.3:
    resolution: {integrity: sha512-Nhh/+1kZGRINbEHmVu39oynhcap4hWTs/BlU7NnxWj3+l0qi8I1mu67v6mMdEe/ltD8hHvU4FV6PHiCw2VSpMw==}

  prosemirror-view@1.38.1:
    resolution: {integrity: sha512-4FH/uM1A4PNyrxXbD+RAbAsf0d/mM0D/wAKSVVWK7o0A9Q/oOXJBrw786mBf2Vnrs/Edly6dH6Z2gsb7zWwaUw==}

  punycode.js@2.3.1:
    resolution: {integrity: sha512-uxFIHU0YlHYhDQtV4R9J6a52SLx28BCjT+4ieh7IGbgwVJWO+km431c4yRlREUAsAmt/uMjQUyQHNEPf0M39CA==}
    engines: {node: '>=6'}

  react-dom@19.0.0:
    resolution: {integrity: sha512-4GV5sHFG0e/0AD4X+ySy6UJd3jVl1iNsNHdpad0qhABJ11twS3TTBnseqsKurKcsNqCEFeGL3uLpVChpIO3QfQ==}
    peerDependencies:
      react: ^19.0.0

  react-refresh@0.16.0:
    resolution: {integrity: sha512-FPvF2XxTSikpJxcr+bHut2H4gJ17+18Uy20D5/F+SKzFap62R3cM5wH6b8WN3LyGSYeQilLEcJcR1fjBSI2S1A==}
    engines: {node: '>=0.10.0'}

  react@19.0.0:
    resolution: {integrity: sha512-V8AVnmPIICiWpGfm6GLzCR/W5FXLchHop40W4nXBmdlEceh16rCN8O8LNWm5bh5XUX91fh7KpA+W0TgMKmgTpQ==}
    engines: {node: '>=0.10.0'}

  rope-sequence@1.3.4:
    resolution: {integrity: sha512-UT5EDe2cu2E/6O4igUr5PSFs23nvvukicWHx6GnOPlHAiiYbzNuCRQCuiUdHJQcqKalLKlrYJnjY0ySGsXNQXQ==}

  rsbuild-plugin-dts@0.5.3:
    resolution: {integrity: sha512-NLy2oKyStcM89CwSdgQUu10BlNTpZieshGj7p7w/sge9VM7aADp8mUqo86bDKX4ITMMACLTO6Q/VQmp9B/1tMg==}
    engines: {node: '>=16.7.0'}
    peerDependencies:
      '@microsoft/api-extractor': ^7
      '@rsbuild/core': 1.x
      typescript: ^5
    peerDependenciesMeta:
      '@microsoft/api-extractor':
        optional: true
      typescript:
        optional: true

  scheduler@0.25.0:
    resolution: {integrity: sha512-xFVuu11jh+xcO7JOAGJNOXld8/TcEHK/4CituBUeUb5hqxJLj9YuemAEuvm9gQ/+pgXYfbQuqAkiYu+u7YEsNA==}

  stackframe@1.3.4:
    resolution: {integrity: sha512-oeVtt7eWQS+Na6F//S4kJ2K2VbRlS9D43mAlMyVpVWovy9o+jfgH8O9agzANzaiLjclA0oYzUXEM4PurhSUChw==}

  strip-bom@3.0.0:
    resolution: {integrity: sha512-vavAMRXOgBVNF6nyEEmL3DBK19iRpDcoIwW+swQ+CbGiu7lju6t+JklA1MHweoWtadgt4ISVUsXLyDq34ddcwA==}
    engines: {node: '>=4'}

  tinyglobby@0.2.12:
    resolution: {integrity: sha512-qkf4trmKSIiMTs/E63cxH+ojC2unam7rJ0WrauAzpT3ECNTxGRMlaXxVbfxMUC/w0LaYk6jQ4y/nGR9uBO3tww==}
    engines: {node: '>=12.0.0'}

  tippy.js@6.3.7:
    resolution: {integrity: sha512-E1d3oP2emgJ9dRQZdf3Kkn0qJgI6ZLpyS5z6ZkY1DF3kaQaBsGZsndEpHwx+eC+tYM41HaSNvNtLx8tU57FzTQ==}

  tsconfig-paths@4.2.0:
    resolution: {integrity: sha512-NoZ4roiN7LnbKn9QqE1amc9DJfzvZXxF4xDavcOWt1BPkdx+m+0gJuPM+S0vCe7zTJMYUP0R8pO2XMr+Y8oLIg==}
    engines: {node: '>=6'}

  tslib@2.8.1:
    resolution: {integrity: sha512-oJFu94HQb+KVduSUQL7wnpmqnfmLsOA/nAh6b6EH0wCEoK0/mPeXU6c3wKDV83MkOuHPRHtSXKKU99IBazS/2w==}

  typescript@5.8.2:
    resolution: {integrity: sha512-aJn6wq13/afZp/jT9QZmwEjDqqvSGp1VT5GVg+f/t6/oVyrgXM6BY1h9BRh/O5p3PlUPAe+WuiEZOmb/49RqoQ==}
    engines: {node: '>=14.17'}
    hasBin: true

  uc.micro@2.1.0:
    resolution: {integrity: sha512-ARDJmphmdvUk6Glw7y9DQ2bFkKBHwQHLi2lsaH6PPmz/Ka9sFOBsBluozhDltWmnv9u/cF6Rt87znRTPV+yp/A==}

  use-sync-external-store@1.4.0:
    resolution: {integrity: sha512-9WXSPC5fMv61vaupRkCKCxsPxBocVnwakBEkMIHHpkTTg6icbJtg6jzgtLDm4bl3cSHAca52rYWih0k4K3PfHw==}
    peerDependencies:
      react: ^16.8.0 || ^17.0.0 || ^18.0.0 || ^19.0.0

  w3c-keyname@2.2.8:
    resolution: {integrity: sha512-dpojBhNsCNN7T82Tm7k26A6G9ML3NkhDsnw9n/eoxSRlVBB4CEtIQ/KTCLI2Fwf3ataSXRhYFkQi3SlnFwPvPQ==}

snapshots:

  '@ast-grep/napi-darwin-arm64@0.35.0':
    optional: true

  '@ast-grep/napi-darwin-x64@0.35.0':
    optional: true

  '@ast-grep/napi-linux-arm64-gnu@0.35.0':
    optional: true

  '@ast-grep/napi-linux-arm64-musl@0.35.0':
    optional: true

  '@ast-grep/napi-linux-x64-gnu@0.35.0':
    optional: true

  '@ast-grep/napi-linux-x64-musl@0.35.0':
    optional: true

  '@ast-grep/napi-win32-arm64-msvc@0.35.0':
    optional: true

  '@ast-grep/napi-win32-ia32-msvc@0.35.0':
    optional: true

  '@ast-grep/napi-win32-x64-msvc@0.35.0':
    optional: true

  '@ast-grep/napi@0.35.0':
    optionalDependencies:
      '@ast-grep/napi-darwin-arm64': 0.35.0
      '@ast-grep/napi-darwin-x64': 0.35.0
      '@ast-grep/napi-linux-arm64-gnu': 0.35.0
      '@ast-grep/napi-linux-arm64-musl': 0.35.0
      '@ast-grep/napi-linux-x64-gnu': 0.35.0
      '@ast-grep/napi-linux-x64-musl': 0.35.0
      '@ast-grep/napi-win32-arm64-msvc': 0.35.0
      '@ast-grep/napi-win32-ia32-msvc': 0.35.0
      '@ast-grep/napi-win32-x64-msvc': 0.35.0

  '@biomejs/biome@1.9.4':
    optionalDependencies:
      '@biomejs/cli-darwin-arm64': 1.9.4
      '@biomejs/cli-darwin-x64': 1.9.4
      '@biomejs/cli-linux-arm64': 1.9.4
      '@biomejs/cli-linux-arm64-musl': 1.9.4
      '@biomejs/cli-linux-x64': 1.9.4
      '@biomejs/cli-linux-x64-musl': 1.9.4
      '@biomejs/cli-win32-arm64': 1.9.4
      '@biomejs/cli-win32-x64': 1.9.4

  '@biomejs/cli-darwin-arm64@1.9.4':
    optional: true

  '@biomejs/cli-darwin-x64@1.9.4':
    optional: true

  '@biomejs/cli-linux-arm64-musl@1.9.4':
    optional: true

  '@biomejs/cli-linux-arm64@1.9.4':
    optional: true

  '@biomejs/cli-linux-x64-musl@1.9.4':
    optional: true

  '@biomejs/cli-linux-x64@1.9.4':
    optional: true

  '@biomejs/cli-win32-arm64@1.9.4':
    optional: true

  '@biomejs/cli-win32-x64@1.9.4':
    optional: true

  '@jridgewell/sourcemap-codec@1.5.0': {}

  '@module-federation/error-codes@0.8.4': {}

  '@module-federation/runtime-tools@0.8.4':
    dependencies:
      '@module-federation/runtime': 0.8.4
      '@module-federation/webpack-bundler-runtime': 0.8.4

  '@module-federation/runtime@0.8.4':
    dependencies:
      '@module-federation/error-codes': 0.8.4
      '@module-federation/sdk': 0.8.4

  '@module-federation/sdk@0.8.4':
    dependencies:
      isomorphic-rslog: 0.0.6

  '@module-federation/webpack-bundler-runtime@0.8.4':
    dependencies:
      '@module-federation/runtime': 0.8.4
      '@module-federation/sdk': 0.8.4

  '@popperjs/core@2.11.8': {}

  '@remirror/core-constants@3.0.0': {}

  '@rsbuild/core@1.2.16':
    dependencies:
      '@rspack/core': 1.2.7(@swc/helpers@0.5.15)
      '@rspack/lite-tapable': 1.0.1
      '@swc/helpers': 0.5.15
      core-js: 3.41.0
      jiti: 2.4.2
    transitivePeerDependencies:
      - '@rspack/tracing'

  '@rsbuild/plugin-react@1.1.1(@rsbuild/core@1.2.16)':
    dependencies:
      '@rsbuild/core': 1.2.16
      '@rspack/plugin-react-refresh': 1.0.1(react-refresh@0.16.0)
      react-refresh: 0.16.0

  '@rslib/core@0.5.3(typescript@5.8.2)':
    dependencies:
      '@rsbuild/core': 1.2.16
      rsbuild-plugin-dts: 0.5.3(@rsbuild/core@1.2.16)(typescript@5.8.2)
      tinyglobby: 0.2.12
    optionalDependencies:
      typescript: 5.8.2
    transitivePeerDependencies:
      - '@rspack/tracing'

  '@rspack/binding-darwin-arm64@1.2.7':
    optional: true

  '@rspack/binding-darwin-x64@1.2.7':
    optional: true

  '@rspack/binding-linux-arm64-gnu@1.2.7':
    optional: true

  '@rspack/binding-linux-arm64-musl@1.2.7':
    optional: true

  '@rspack/binding-linux-x64-gnu@1.2.7':
    optional: true

  '@rspack/binding-linux-x64-musl@1.2.7':
    optional: true

  '@rspack/binding-win32-arm64-msvc@1.2.7':
    optional: true

  '@rspack/binding-win32-ia32-msvc@1.2.7':
    optional: true

  '@rspack/binding-win32-x64-msvc@1.2.7':
    optional: true

  '@rspack/binding@1.2.7':
    optionalDependencies:
      '@rspack/binding-darwin-arm64': 1.2.7
      '@rspack/binding-darwin-x64': 1.2.7
      '@rspack/binding-linux-arm64-gnu': 1.2.7
      '@rspack/binding-linux-arm64-musl': 1.2.7
      '@rspack/binding-linux-x64-gnu': 1.2.7
      '@rspack/binding-linux-x64-musl': 1.2.7
      '@rspack/binding-win32-arm64-msvc': 1.2.7
      '@rspack/binding-win32-ia32-msvc': 1.2.7
      '@rspack/binding-win32-x64-msvc': 1.2.7

  '@rspack/core@1.2.7(@swc/helpers@0.5.15)':
    dependencies:
      '@module-federation/runtime-tools': 0.8.4
      '@rspack/binding': 1.2.7
      '@rspack/lite-tapable': 1.0.1
      caniuse-lite: 1.0.30001702
    optionalDependencies:
      '@swc/helpers': 0.5.15

  '@rspack/lite-tapable@1.0.1': {}

  '@rspack/plugin-react-refresh@1.0.1(react-refresh@0.16.0)':
    dependencies:
      error-stack-parser: 2.1.4
      html-entities: 2.5.2
    optionalDependencies:
      react-refresh: 0.16.0

  '@swc/helpers@0.5.15':
    dependencies:
      tslib: 2.8.1

  '@tiptap/core@2.11.5(@tiptap/pm@2.11.5)':
    dependencies:
      '@tiptap/pm': 2.11.5

  '@tiptap/extension-blockquote@2.11.5(@tiptap/core@2.11.5(@tiptap/pm@2.11.5))':
    dependencies:
      '@tiptap/core': 2.11.5(@tiptap/pm@2.11.5)

  '@tiptap/extension-bold@2.11.5(@tiptap/core@2.11.5(@tiptap/pm@2.11.5))':
    dependencies:
      '@tiptap/core': 2.11.5(@tiptap/pm@2.11.5)

  '@tiptap/extension-bubble-menu@2.11.5(@tiptap/core@2.11.5(@tiptap/pm@2.11.5))(@tiptap/pm@2.11.5)':
    dependencies:
      '@tiptap/core': 2.11.5(@tiptap/pm@2.11.5)
      '@tiptap/pm': 2.11.5
      tippy.js: 6.3.7

  '@tiptap/extension-bullet-list@2.11.5(@tiptap/core@2.11.5(@tiptap/pm@2.11.5))':
    dependencies:
      '@tiptap/core': 2.11.5(@tiptap/pm@2.11.5)

  '@tiptap/extension-code-block@2.11.5(@tiptap/core@2.11.5(@tiptap/pm@2.11.5))(@tiptap/pm@2.11.5)':
    dependencies:
      '@tiptap/core': 2.11.5(@tiptap/pm@2.11.5)
      '@tiptap/pm': 2.11.5

  '@tiptap/extension-code@2.11.5(@tiptap/core@2.11.5(@tiptap/pm@2.11.5))':
    dependencies:
      '@tiptap/core': 2.11.5(@tiptap/pm@2.11.5)

  '@tiptap/extension-color@2.11.5(@tiptap/core@2.11.5(@tiptap/pm@2.11.5))(@tiptap/extension-text-style@2.11.5(@tiptap/core@2.11.5(@tiptap/pm@2.11.5)))':
    dependencies:
      '@tiptap/core': 2.11.5(@tiptap/pm@2.11.5)
      '@tiptap/extension-text-style': 2.11.5(@tiptap/core@2.11.5(@tiptap/pm@2.11.5))

  '@tiptap/extension-document@2.11.5(@tiptap/core@2.11.5(@tiptap/pm@2.11.5))':
    dependencies:
      '@tiptap/core': 2.11.5(@tiptap/pm@2.11.5)

  '@tiptap/extension-dropcursor@2.11.5(@tiptap/core@2.11.5(@tiptap/pm@2.11.5))(@tiptap/pm@2.11.5)':
    dependencies:
      '@tiptap/core': 2.11.5(@tiptap/pm@2.11.5)
      '@tiptap/pm': 2.11.5

  '@tiptap/extension-floating-menu@2.11.5(@tiptap/core@2.11.5(@tiptap/pm@2.11.5))(@tiptap/pm@2.11.5)':
    dependencies:
      '@tiptap/core': 2.11.5(@tiptap/pm@2.11.5)
      '@tiptap/pm': 2.11.5
      tippy.js: 6.3.7

  '@tiptap/extension-gapcursor@2.11.5(@tiptap/core@2.11.5(@tiptap/pm@2.11.5))(@tiptap/pm@2.11.5)':
    dependencies:
      '@tiptap/core': 2.11.5(@tiptap/pm@2.11.5)
      '@tiptap/pm': 2.11.5

  '@tiptap/extension-hard-break@2.11.5(@tiptap/core@2.11.5(@tiptap/pm@2.11.5))':
    dependencies:
      '@tiptap/core': 2.11.5(@tiptap/pm@2.11.5)

  '@tiptap/extension-heading@2.11.5(@tiptap/core@2.11.5(@tiptap/pm@2.11.5))':
    dependencies:
      '@tiptap/core': 2.11.5(@tiptap/pm@2.11.5)

  '@tiptap/extension-history@2.11.5(@tiptap/core@2.11.5(@tiptap/pm@2.11.5))(@tiptap/pm@2.11.5)':
    dependencies:
      '@tiptap/core': 2.11.5(@tiptap/pm@2.11.5)
      '@tiptap/pm': 2.11.5

  '@tiptap/extension-horizontal-rule@2.11.5(@tiptap/core@2.11.5(@tiptap/pm@2.11.5))(@tiptap/pm@2.11.5)':
    dependencies:
      '@tiptap/core': 2.11.5(@tiptap/pm@2.11.5)
      '@tiptap/pm': 2.11.5

  '@tiptap/extension-italic@2.11.5(@tiptap/core@2.11.5(@tiptap/pm@2.11.5))':
    dependencies:
      '@tiptap/core': 2.11.5(@tiptap/pm@2.11.5)

  '@tiptap/extension-list-item@2.11.5(@tiptap/core@2.11.5(@tiptap/pm@2.11.5))':
    dependencies:
      '@tiptap/core': 2.11.5(@tiptap/pm@2.11.5)

  '@tiptap/extension-ordered-list@2.11.5(@tiptap/core@2.11.5(@tiptap/pm@2.11.5))':
    dependencies:
      '@tiptap/core': 2.11.5(@tiptap/pm@2.11.5)

  '@tiptap/extension-paragraph@2.11.5(@tiptap/core@2.11.5(@tiptap/pm@2.11.5))':
    dependencies:
      '@tiptap/core': 2.11.5(@tiptap/pm@2.11.5)

  '@tiptap/extension-strike@2.11.5(@tiptap/core@2.11.5(@tiptap/pm@2.11.5))':
    dependencies:
      '@tiptap/core': 2.11.5(@tiptap/pm@2.11.5)

  '@tiptap/extension-text-style@2.11.5(@tiptap/core@2.11.5(@tiptap/pm@2.11.5))':
    dependencies:
      '@tiptap/core': 2.11.5(@tiptap/pm@2.11.5)

  '@tiptap/extension-text@2.11.5(@tiptap/core@2.11.5(@tiptap/pm@2.11.5))':
    dependencies:
      '@tiptap/core': 2.11.5(@tiptap/pm@2.11.5)

  '@tiptap/pm@2.11.5':
    dependencies:
      prosemirror-changeset: 2.2.1
      prosemirror-collab: 1.3.1
      prosemirror-commands: 1.7.0
      prosemirror-dropcursor: 1.8.1
      prosemirror-gapcursor: 1.3.2
      prosemirror-history: 1.4.1
      prosemirror-inputrules: 1.4.0
      prosemirror-keymap: 1.2.2
      prosemirror-markdown: 1.13.1
      prosemirror-menu: 1.2.4
      prosemirror-model: 1.24.1
      prosemirror-schema-basic: 1.2.3
      prosemirror-schema-list: 1.5.1
      prosemirror-state: 1.4.3
      prosemirror-tables: 1.6.4
      prosemirror-trailing-node: 3.0.0(prosemirror-model@1.24.1)(prosemirror-state@1.4.3)(prosemirror-view@1.38.1)
      prosemirror-transform: 1.10.3
      prosemirror-view: 1.38.1

  '@tiptap/react@2.11.5(@tiptap/core@2.11.5(@tiptap/pm@2.11.5))(@tiptap/pm@2.11.5)(react-dom@19.0.0(react@19.0.0))(react@19.0.0)':
    dependencies:
      '@tiptap/core': 2.11.5(@tiptap/pm@2.11.5)
      '@tiptap/extension-bubble-menu': 2.11.5(@tiptap/core@2.11.5(@tiptap/pm@2.11.5))(@tiptap/pm@2.11.5)
      '@tiptap/extension-floating-menu': 2.11.5(@tiptap/core@2.11.5(@tiptap/pm@2.11.5))(@tiptap/pm@2.11.5)
      '@tiptap/pm': 2.11.5
      '@types/use-sync-external-store': 0.0.6
      fast-deep-equal: 3.1.3
      react: 19.0.0
      react-dom: 19.0.0(react@19.0.0)
      use-sync-external-store: 1.4.0(react@19.0.0)

  '@tiptap/starter-kit@2.11.5':
    dependencies:
      '@tiptap/core': 2.11.5(@tiptap/pm@2.11.5)
      '@tiptap/extension-blockquote': 2.11.5(@tiptap/core@2.11.5(@tiptap/pm@2.11.5))
      '@tiptap/extension-bold': 2.11.5(@tiptap/core@2.11.5(@tiptap/pm@2.11.5))
      '@tiptap/extension-bullet-list': 2.11.5(@tiptap/core@2.11.5(@tiptap/pm@2.11.5))
      '@tiptap/extension-code': 2.11.5(@tiptap/core@2.11.5(@tiptap/pm@2.11.5))
      '@tiptap/extension-code-block': 2.11.5(@tiptap/core@2.11.5(@tiptap/pm@2.11.5))(@tiptap/pm@2.11.5)
      '@tiptap/extension-document': 2.11.5(@tiptap/core@2.11.5(@tiptap/pm@2.11.5))
      '@tiptap/extension-dropcursor': 2.11.5(@tiptap/core@2.11.5(@tiptap/pm@2.11.5))(@tiptap/pm@2.11.5)
      '@tiptap/extension-gapcursor': 2.11.5(@tiptap/core@2.11.5(@tiptap/pm@2.11.5))(@tiptap/pm@2.11.5)
      '@tiptap/extension-hard-break': 2.11.5(@tiptap/core@2.11.5(@tiptap/pm@2.11.5))
      '@tiptap/extension-heading': 2.11.5(@tiptap/core@2.11.5(@tiptap/pm@2.11.5))
      '@tiptap/extension-history': 2.11.5(@tiptap/core@2.11.5(@tiptap/pm@2.11.5))(@tiptap/pm@2.11.5)
      '@tiptap/extension-horizontal-rule': 2.11.5(@tiptap/core@2.11.5(@tiptap/pm@2.11.5))(@tiptap/pm@2.11.5)
      '@tiptap/extension-italic': 2.11.5(@tiptap/core@2.11.5(@tiptap/pm@2.11.5))
      '@tiptap/extension-list-item': 2.11.5(@tiptap/core@2.11.5(@tiptap/pm@2.11.5))
      '@tiptap/extension-ordered-list': 2.11.5(@tiptap/core@2.11.5(@tiptap/pm@2.11.5))
      '@tiptap/extension-paragraph': 2.11.5(@tiptap/core@2.11.5(@tiptap/pm@2.11.5))
      '@tiptap/extension-strike': 2.11.5(@tiptap/core@2.11.5(@tiptap/pm@2.11.5))
      '@tiptap/extension-text': 2.11.5(@tiptap/core@2.11.5(@tiptap/pm@2.11.5))
      '@tiptap/extension-text-style': 2.11.5(@tiptap/core@2.11.5(@tiptap/pm@2.11.5))
      '@tiptap/pm': 2.11.5

  '@types/linkify-it@5.0.0': {}

  '@types/markdown-it@14.1.2':
    dependencies:
      '@types/linkify-it': 5.0.0
      '@types/mdurl': 2.0.0

  '@types/mdurl@2.0.0': {}

  '@types/react@19.0.10':
    dependencies:
      csstype: 3.1.3

  '@types/use-sync-external-store@0.0.6': {}

  argparse@2.0.1: {}

  caniuse-lite@1.0.30001702: {}

  core-js@3.41.0: {}

  crelt@1.0.6: {}

  csstype@3.1.3: {}

  entities@4.5.0: {}

  error-stack-parser@2.1.4:
    dependencies:
      stackframe: 1.3.4

  escape-string-regexp@4.0.0: {}

  fast-deep-equal@3.1.3: {}

  fdir@6.4.3(picomatch@4.0.2):
    optionalDependencies:
      picomatch: 4.0.2

  html-entities@2.5.2: {}

  isomorphic-rslog@0.0.6: {}

  jiti@2.4.2: {}

  json5@2.2.3: {}

  linkify-it@5.0.0:
    dependencies:
      uc.micro: 2.1.0

  magic-string@0.30.17:
    dependencies:
      '@jridgewell/sourcemap-codec': 1.5.0

  markdown-it@14.1.0:
    dependencies:
      argparse: 2.0.1
      entities: 4.5.0
      linkify-it: 5.0.0
      mdurl: 2.0.0
      punycode.js: 2.3.1
      uc.micro: 2.1.0

  mdurl@2.0.0: {}

  minimist@1.2.8: {}

  orderedmap@2.1.1: {}

  picocolors@1.1.1: {}

  picomatch@4.0.2: {}

  prosemirror-changeset@2.2.1:
    dependencies:
      prosemirror-transform: 1.10.3

  prosemirror-collab@1.3.1:
    dependencies:
      prosemirror-state: 1.4.3

  prosemirror-commands@1.7.0:
    dependencies:
      prosemirror-model: 1.24.1
      prosemirror-state: 1.4.3
      prosemirror-transform: 1.10.3

  prosemirror-dropcursor@1.8.1:
    dependencies:
      prosemirror-state: 1.4.3
      prosemirror-transform: 1.10.3
      prosemirror-view: 1.38.1

  prosemirror-gapcursor@1.3.2:
    dependencies:
      prosemirror-keymap: 1.2.2
      prosemirror-model: 1.24.1
      prosemirror-state: 1.4.3
      prosemirror-view: 1.38.1

  prosemirror-history@1.4.1:
    dependencies:
      prosemirror-state: 1.4.3
      prosemirror-transform: 1.10.3
      prosemirror-view: 1.38.1
      rope-sequence: 1.3.4

  prosemirror-inputrules@1.4.0:
    dependencies:
      prosemirror-state: 1.4.3
      prosemirror-transform: 1.10.3

  prosemirror-keymap@1.2.2:
    dependencies:
      prosemirror-state: 1.4.3
      w3c-keyname: 2.2.8

  prosemirror-markdown@1.13.1:
    dependencies:
      '@types/markdown-it': 14.1.2
      markdown-it: 14.1.0
      prosemirror-model: 1.24.1

  prosemirror-menu@1.2.4:
    dependencies:
      crelt: 1.0.6
      prosemirror-commands: 1.7.0
      prosemirror-history: 1.4.1
      prosemirror-state: 1.4.3

  prosemirror-model@1.24.1:
    dependencies:
      orderedmap: 2.1.1

  prosemirror-schema-basic@1.2.3:
    dependencies:
      prosemirror-model: 1.24.1

  prosemirror-schema-list@1.5.1:
    dependencies:
      prosemirror-model: 1.24.1
      prosemirror-state: 1.4.3
      prosemirror-transform: 1.10.3

  prosemirror-state@1.4.3:
    dependencies:
      prosemirror-model: 1.24.1
      prosemirror-transform: 1.10.3
      prosemirror-view: 1.38.1

  prosemirror-tables@1.6.4:
    dependencies:
      prosemirror-keymap: 1.2.2
      prosemirror-model: 1.24.1
      prosemirror-state: 1.4.3
      prosemirror-transform: 1.10.3
      prosemirror-view: 1.38.1

  prosemirror-trailing-node@3.0.0(prosemirror-model@1.24.1)(prosemirror-state@1.4.3)(prosemirror-view@1.38.1):
    dependencies:
      '@remirror/core-constants': 3.0.0
      escape-string-regexp: 4.0.0
      prosemirror-model: 1.24.1
      prosemirror-state: 1.4.3
      prosemirror-view: 1.38.1

  prosemirror-transform@1.10.3:
    dependencies:
      prosemirror-model: 1.24.1

  prosemirror-view@1.38.1:
    dependencies:
      prosemirror-model: 1.24.1
      prosemirror-state: 1.4.3
      prosemirror-transform: 1.10.3

  punycode.js@2.3.1: {}

  react-dom@19.0.0(react@19.0.0):
    dependencies:
      react: 19.0.0
      scheduler: 0.25.0

  react-refresh@0.16.0: {}

  react@19.0.0: {}

  rope-sequence@1.3.4: {}

  rsbuild-plugin-dts@0.5.3(@rsbuild/core@1.2.16)(typescript@5.8.2):
    dependencies:
      '@ast-grep/napi': 0.35.0
      '@rsbuild/core': 1.2.16
      magic-string: 0.30.17
      picocolors: 1.1.1
      tinyglobby: 0.2.12
      tsconfig-paths: 4.2.0
    optionalDependencies:
      typescript: 5.8.2

  scheduler@0.25.0: {}

  stackframe@1.3.4: {}

  strip-bom@3.0.0: {}

  tinyglobby@0.2.12:
    dependencies:
      fdir: 6.4.3(picomatch@4.0.2)
      picomatch: 4.0.2

  tippy.js@6.3.7:
    dependencies:
      '@popperjs/core': 2.11.8

  tsconfig-paths@4.2.0:
    dependencies:
      json5: 2.2.3
      minimist: 1.2.8
      strip-bom: 3.0.0

  tslib@2.8.1: {}

  typescript@5.8.2: {}

  uc.micro@2.1.0: {}

  use-sync-external-store@1.4.0(react@19.0.0):
    dependencies:
      react: 19.0.0

  w3c-keyname@2.2.8: {}
